
Microsoft Visual Studio Solution File, Format Version 12.00
# Visual Studio Version 17
VisualStudioVersion = 17.0.31903.59
MinimumVisualStudioVersion = 10.0.40219.1
Project("{FAE04EC0-301F-11D3-BF4B-00C04F79EFBC}") = "task05", "task05\task05.csproj", "{579AEF01-D392-47C4-ACD8-82C27454AB40}"
EndProject
Project("{FAE04EC0-301F-11D3-BF4B-00C04F79EFBC}") = "task05tests", "task05tests\task05tests.csproj", "{2A112E91-9CFB-44D4-B5C3-EE71BEE3BDEC}"
EndProject
Global
	GlobalSection(SolutionConfigurationPlatforms) = preSolution
		Debug|Any CPU = Debug|Any CPU
		Debug|x64 = Debug|x64
		Debug|x86 = Debug|x86
		Release|Any CPU = Release|Any CPU
		Release|x64 = Release|x64
		Release|x86 = Release|x86
	EndGlobalSection
	GlobalSection(ProjectConfigurationPlatforms) = postSolution
		{579AEF01-D392-47C4-ACD8-82C27454AB40}.Debug|Any CPU.ActiveCfg = Debug|Any CPU
		{579AEF01-D392-47C4-ACD8-82C27454AB40}.Debug|Any CPU.Build.0 = Debug|Any CPU
		{579AEF01-D392-47C4-ACD8-82C27454AB40}.Debug|x64.ActiveCfg = Debug|Any CPU
		{579AEF01-D392-47C4-ACD8-82C27454AB40}.Debug|x64.Build.0 = Debug|Any CPU
		{579AEF01-D392-47C4-ACD8-82C27454AB40}.Debug|x86.ActiveCfg = Debug|Any CPU
		{579AEF01-D392-47C4-ACD8-82C27454AB40}.Debug|x86.Build.0 = Debug|Any CPU
		{579AEF01-D392-47C4-ACD8-82C27454AB40}.Release|Any CPU.ActiveCfg = Release|Any CPU
		{579AEF01-D392-47C4-ACD8-82C27454AB40}.Release|Any CPU.Build.0 = Release|Any CPU
		{579AEF01-D392-47C4-ACD8-82C27454AB40}.Release|x64.ActiveCfg = Release|Any CPU
		{579AEF01-D392-47C4-ACD8-82C27454AB40}.Release|x64.Build.0 = Release|Any CPU
		{579AEF01-D392-47C4-ACD8-82C27454AB40}.Release|x86.ActiveCfg = Release|Any CPU
		{579AEF01-D392-47C4-ACD8-82C27454AB40}.Release|x86.Build.0 = Release|Any CPU
		{2A112E91-9CFB-44D4-B5C3-EE71BEE3BDEC}.Debug|Any CPU.ActiveCfg = Debug|Any CPU
		{2A112E91-9CFB-44D4-B5C3-EE71BEE3BDEC}.Debug|Any CPU.Build.0 = Debug|Any CPU
		{2A112E91-9CFB-44D4-B5C3-EE71BEE3BDEC}.Debug|x64.ActiveCfg = Debug|Any CPU
		{2A112E91-9CFB-44D4-B5C3-EE71BEE3BDEC}.Debug|x64.Build.0 = Debug|Any CPU
		{2A112E91-9CFB-44D4-B5C3-EE71BEE3BDEC}.Debug|x86.ActiveCfg = Debug|Any CPU
		{2A112E91-9CFB-44D4-B5C3-EE71BEE3BDEC}.Debug|x86.Build.0 = Debug|Any CPU
		{2A112E91-9CFB-44D4-B5C3-EE71BEE3BDEC}.Release|Any CPU.ActiveCfg = Release|Any CPU
		{2A112E91-9CFB-44D4-B5C3-EE71BEE3BDEC}.Release|Any CPU.Build.0 = Release|Any CPU
		{2A112E91-9CFB-44D4-B5C3-EE71BEE3BDEC}.Release|x64.ActiveCfg = Release|Any CPU
		{2A112E91-9CFB-44D4-B5C3-EE71BEE3BDEC}.Release|x64.Build.0 = Release|Any CPU
		{2A112E91-9CFB-44D4-B5C3-EE71BEE3BDEC}.Release|x86.ActiveCfg = Release|Any CPU
		{2A112E91-9CFB-44D4-B5C3-EE71BEE3BDEC}.Release|x86.Build.0 = Release|Any CPU
	EndGlobalSection
	GlobalSection(SolutionProperties) = preSolution
		HideSolutionNode = FALSE
	EndGlobalSection
EndGlobal
